
Microsoft Visual Studio Solution File, Format Version 12.00
# Visual Studio Version 16
VisualStudioVersion = 16.0.30523.141
MinimumVisualStudioVersion = 10.0.40219.1
Project("{FAE04EC0-301F-11D3-BF4B-00C04F79EFBC}") = "Event", "Event\Event.csproj", "{16ED9AE3-9304-4F24-B5E2-816AAE3D648A}"
EndProject
Global
	GlobalSection(SolutionConfigurationPlatforms) = preSolution
		Debug|Any CPU = Debug|Any CPU
		Release|Any CPU = Release|Any CPU
	EndGlobalSection
	GlobalSection(ProjectConfigurationPlatforms) = postSolution
		{16ED9AE3-9304-4F24-B5E2-816AAE3D648A}.Debug|Any CPU.ActiveCfg = Debug|Any CPU
		{16ED9AE3-9304-4F24-B5E2-816AAE3D648A}.Debug|Any CPU.Build.0 = Debug|Any CPU
		{16ED9AE3-9304-4F24-B5E2-816AAE3D648A}.Release|Any CPU.ActiveCfg = Release|Any CPU
		{16ED9AE3-9304-4F24-B5E2-816AAE3D648A}.Release|Any CPU.Build.0 = Release|Any CPU
	EndGlobalSection
	GlobalSection(SolutionProperties) = preSolution
		HideSolutionNode = FALSE
	EndGlobalSection
	GlobalSection(ExtensibilityGlobals) = postSolution
		SolutionGuid = {674D0F4E-7CA8-4E6A-A47F-464DC373A7A1}
	EndGlobalSection
EndGlobal
