
Microsoft Visual Studio Solution File, Format Version 12.00
# Visual Studio Version 16
VisualStudioVersion = 16.0.30523.141
MinimumVisualStudioVersion = 10.0.40219.1
Project("{FAE04EC0-301F-11D3-BF4B-00C04F79EFBC}") = "Lap20", "Lap20\Lap20.csproj", "{1E08AEF8-40BE-48AB-994C-24278663F57A}"
EndProject
Global
	GlobalSection(SolutionConfigurationPlatforms) = preSolution
		Debug|ARM = Debug|ARM
		Debug|ARM64 = Debug|ARM64
		Debug|x64 = Debug|x64
		Debug|x86 = Debug|x86
		Release|ARM = Release|ARM
		Release|ARM64 = Release|ARM64
		Release|x64 = Release|x64
		Release|x86 = Release|x86
	EndGlobalSection
	GlobalSection(ProjectConfigurationPlatforms) = postSolution
		{1E08AEF8-40BE-48AB-994C-24278663F57A}.Debug|ARM.ActiveCfg = Debug|ARM
		{1E08AEF8-40BE-48AB-994C-24278663F57A}.Debug|ARM.Build.0 = Debug|ARM
		{1E08AEF8-40BE-48AB-994C-24278663F57A}.Debug|ARM.Deploy.0 = Debug|ARM
		{1E08AEF8-40BE-48AB-994C-24278663F57A}.Debug|ARM64.ActiveCfg = Debug|ARM64
		{1E08AEF8-40BE-48AB-994C-24278663F57A}.Debug|ARM64.Build.0 = Debug|ARM64
		{1E08AEF8-40BE-48AB-994C-24278663F57A}.Debug|ARM64.Deploy.0 = Debug|ARM64
		{1E08AEF8-40BE-48AB-994C-24278663F57A}.Debug|x64.ActiveCfg = Debug|x64
		{1E08AEF8-40BE-48AB-994C-24278663F57A}.Debug|x64.Build.0 = Debug|x64
		{1E08AEF8-40BE-48AB-994C-24278663F57A}.Debug|x64.Deploy.0 = Debug|x64
		{1E08AEF8-40BE-48AB-994C-24278663F57A}.Debug|x86.ActiveCfg = Debug|x86
		{1E08AEF8-40BE-48AB-994C-24278663F57A}.Debug|x86.Build.0 = Debug|x86
		{1E08AEF8-40BE-48AB-994C-24278663F57A}.Debug|x86.Deploy.0 = Debug|x86
		{1E08AEF8-40BE-48AB-994C-24278663F57A}.Release|ARM.ActiveCfg = Release|ARM
		{1E08AEF8-40BE-48AB-994C-24278663F57A}.Release|ARM.Build.0 = Release|ARM
		{1E08AEF8-40BE-48AB-994C-24278663F57A}.Release|ARM.Deploy.0 = Release|ARM
		{1E08AEF8-40BE-48AB-994C-24278663F57A}.Release|ARM64.ActiveCfg = Release|ARM64
		{1E08AEF8-40BE-48AB-994C-24278663F57A}.Release|ARM64.Build.0 = Release|ARM64
		{1E08AEF8-40BE-48AB-994C-24278663F57A}.Release|ARM64.Deploy.0 = Release|ARM64
		{1E08AEF8-40BE-48AB-994C-24278663F57A}.Release|x64.ActiveCfg = Release|x64
		{1E08AEF8-40BE-48AB-994C-24278663F57A}.Release|x64.Build.0 = Release|x64
		{1E08AEF8-40BE-48AB-994C-24278663F57A}.Release|x64.Deploy.0 = Release|x64
		{1E08AEF8-40BE-48AB-994C-24278663F57A}.Release|x86.ActiveCfg = Release|x86
		{1E08AEF8-40BE-48AB-994C-24278663F57A}.Release|x86.Build.0 = Release|x86
		{1E08AEF8-40BE-48AB-994C-24278663F57A}.Release|x86.Deploy.0 = Release|x86
	EndGlobalSection
	GlobalSection(SolutionProperties) = preSolution
		HideSolutionNode = FALSE
	EndGlobalSection
	GlobalSection(ExtensibilityGlobals) = postSolution
		SolutionGuid = {DF157846-CA57-4FA4-AB31-65300AE8B8DB}
	EndGlobalSection
EndGlobal
