
Microsoft Visual Studio Solution File, Format Version 12.00
# Visual Studio Version 16
VisualStudioVersion = 16.0.30621.155
MinimumVisualStudioVersion = 10.0.40219.1
Project("{FAE04EC0-301F-11D3-BF4B-00C04F79EFBC}") = "DammioMVC", "DammioMVC\DammioMVC.csproj", "{C775B032-BB29-43B2-9AAA-02E02748B690}"
EndProject
Global
	GlobalSection(SolutionConfigurationPlatforms) = preSolution
		Debug|Any CPU = Debug|Any CPU
		Release|Any CPU = Release|Any CPU
	EndGlobalSection
	GlobalSection(ProjectConfigurationPlatforms) = postSolution
		{C775B032-BB29-43B2-9AAA-02E02748B690}.Debug|Any CPU.ActiveCfg = Debug|Any CPU
		{C775B032-BB29-43B2-9AAA-02E02748B690}.Debug|Any CPU.Build.0 = Debug|Any CPU
		{C775B032-BB29-43B2-9AAA-02E02748B690}.Release|Any CPU.ActiveCfg = Release|Any CPU
		{C775B032-BB29-43B2-9AAA-02E02748B690}.Release|Any CPU.Build.0 = Release|Any CPU
	EndGlobalSection
	GlobalSection(SolutionProperties) = preSolution
		HideSolutionNode = FALSE
	EndGlobalSection
	GlobalSection(ExtensibilityGlobals) = postSolution
		SolutionGuid = {6EAFC8E9-3ADF-4B56-A5DE-7516A854532F}
	EndGlobalSection
EndGlobal
