
Microsoft Visual Studio Solution File, Format Version 12.00
# Visual Studio Version 16
VisualStudioVersion = 16.0.30621.155
MinimumVisualStudioVersion = 10.0.40219.1
Project("{FAE04EC0-301F-11D3-BF4B-00C04F79EFBC}") = "LoginSystem", "LoginSystem\LoginSystem.csproj", "{F0CA6532-14CA-4C50-A607-FCC64DEB01A4}"
EndProject
Global
	GlobalSection(SolutionConfigurationPlatforms) = preSolution
		Debug|Any CPU = Debug|Any CPU
		Release|Any CPU = Release|Any CPU
	EndGlobalSection
	GlobalSection(ProjectConfigurationPlatforms) = postSolution
		{F0CA6532-14CA-4C50-A607-FCC64DEB01A4}.Debug|Any CPU.ActiveCfg = Debug|Any CPU
		{F0CA6532-14CA-4C50-A607-FCC64DEB01A4}.Debug|Any CPU.Build.0 = Debug|Any CPU
		{F0CA6532-14CA-4C50-A607-FCC64DEB01A4}.Release|Any CPU.ActiveCfg = Release|Any CPU
		{F0CA6532-14CA-4C50-A607-FCC64DEB01A4}.Release|Any CPU.Build.0 = Release|Any CPU
	EndGlobalSection
	GlobalSection(SolutionProperties) = preSolution
		HideSolutionNode = FALSE
	EndGlobalSection
	GlobalSection(ExtensibilityGlobals) = postSolution
		SolutionGuid = {542FA2FD-740E-4339-9D1A-BD0064F97351}
	EndGlobalSection
EndGlobal
