
Microsoft Visual Studio Solution File, Format Version 12.00
# Visual Studio Version 16
VisualStudioVersion = 16.0.30621.155
MinimumVisualStudioVersion = 10.0.40219.1
Project("{FAE04EC0-301F-11D3-BF4B-00C04F79EFBC}") = "Web", "Web\Web.csproj", "{2D72397D-FC95-4CF2-A4BE-CDF24CADB5B1}"
EndProject
Global
	GlobalSection(SolutionConfigurationPlatforms) = preSolution
		Debug|Any CPU = Debug|Any CPU
		Release|Any CPU = Release|Any CPU
	EndGlobalSection
	GlobalSection(ProjectConfigurationPlatforms) = postSolution
		{2D72397D-FC95-4CF2-A4BE-CDF24CADB5B1}.Debug|Any CPU.ActiveCfg = Debug|Any CPU
		{2D72397D-FC95-4CF2-A4BE-CDF24CADB5B1}.Debug|Any CPU.Build.0 = Debug|Any CPU
		{2D72397D-FC95-4CF2-A4BE-CDF24CADB5B1}.Release|Any CPU.ActiveCfg = Release|Any CPU
		{2D72397D-FC95-4CF2-A4BE-CDF24CADB5B1}.Release|Any CPU.Build.0 = Release|Any CPU
	EndGlobalSection
	GlobalSection(SolutionProperties) = preSolution
		HideSolutionNode = FALSE
	EndGlobalSection
	GlobalSection(ExtensibilityGlobals) = postSolution
		SolutionGuid = {29CC9239-1785-40F5-921F-4416FC81E2CF}
	EndGlobalSection
EndGlobal
