
Microsoft Visual Studio Solution File, Format Version 12.00
# Visual Studio Version 16
VisualStudioVersion = 16.0.30523.141
MinimumVisualStudioVersion = 10.0.40219.1
Project("{FAE04EC0-301F-11D3-BF4B-00C04F79EFBC}") = "Delegate", "Delegate\Delegate.csproj", "{48460264-4856-42A9-958A-A767D23C4504}"
EndProject
Global
	GlobalSection(SolutionConfigurationPlatforms) = preSolution
		Debug|Any CPU = Debug|Any CPU
		Release|Any CPU = Release|Any CPU
	EndGlobalSection
	GlobalSection(ProjectConfigurationPlatforms) = postSolution
		{48460264-4856-42A9-958A-A767D23C4504}.Debug|Any CPU.ActiveCfg = Debug|Any CPU
		{48460264-4856-42A9-958A-A767D23C4504}.Debug|Any CPU.Build.0 = Debug|Any CPU
		{48460264-4856-42A9-958A-A767D23C4504}.Release|Any CPU.ActiveCfg = Release|Any CPU
		{48460264-4856-42A9-958A-A767D23C4504}.Release|Any CPU.Build.0 = Release|Any CPU
	EndGlobalSection
	GlobalSection(SolutionProperties) = preSolution
		HideSolutionNode = FALSE
	EndGlobalSection
	GlobalSection(ExtensibilityGlobals) = postSolution
		SolutionGuid = {6F10DBF4-EEA0-4CD1-9CED-0505BC818A3D}
	EndGlobalSection
EndGlobal
