
Microsoft Visual Studio Solution File, Format Version 12.00
# Visual Studio Version 16
VisualStudioVersion = 16.0.30523.141
MinimumVisualStudioVersion = 10.0.40219.1
Project("{FAE04EC0-301F-11D3-BF4B-00C04F79EFBC}") = "TRAIN.SIMAX.WEBSIZE", "TRAIN.SIMAX.WEBSIZE\TRAIN.SIMAX.WEBSIZE.csproj", "{CFB7A1A2-83CF-4F05-8923-E32C3364E7FE}"
EndProject
Project("{FAE04EC0-301F-11D3-BF4B-00C04F79EFBC}") = "TRAIN.SIMAX.DATA", "TRAIN.SIMAX.DATA\TRAIN.SIMAX.DATA.csproj", "{A2653C3E-CD1C-42C1-ADDF-B5D08CCD828B}"
EndProject
Global
	GlobalSection(SolutionConfigurationPlatforms) = preSolution
		Debug|Any CPU = Debug|Any CPU
		Release|Any CPU = Release|Any CPU
	EndGlobalSection
	GlobalSection(ProjectConfigurationPlatforms) = postSolution
		{CFB7A1A2-83CF-4F05-8923-E32C3364E7FE}.Debug|Any CPU.ActiveCfg = Debug|Any CPU
		{CFB7A1A2-83CF-4F05-8923-E32C3364E7FE}.Debug|Any CPU.Build.0 = Debug|Any CPU
		{CFB7A1A2-83CF-4F05-8923-E32C3364E7FE}.Release|Any CPU.ActiveCfg = Release|Any CPU
		{CFB7A1A2-83CF-4F05-8923-E32C3364E7FE}.Release|Any CPU.Build.0 = Release|Any CPU
		{A2653C3E-CD1C-42C1-ADDF-B5D08CCD828B}.Debug|Any CPU.ActiveCfg = Debug|Any CPU
		{A2653C3E-CD1C-42C1-ADDF-B5D08CCD828B}.Debug|Any CPU.Build.0 = Debug|Any CPU
		{A2653C3E-CD1C-42C1-ADDF-B5D08CCD828B}.Release|Any CPU.ActiveCfg = Release|Any CPU
		{A2653C3E-CD1C-42C1-ADDF-B5D08CCD828B}.Release|Any CPU.Build.0 = Release|Any CPU
	EndGlobalSection
	GlobalSection(SolutionProperties) = preSolution
		HideSolutionNode = FALSE
	EndGlobalSection
	GlobalSection(ExtensibilityGlobals) = postSolution
		SolutionGuid = {A18725D8-D9BD-4078-BBA2-8A9920B61E1F}
	EndGlobalSection
EndGlobal
