
Microsoft Visual Studio Solution File, Format Version 12.00
# Visual Studio Version 16
VisualStudioVersion = 16.0.30621.155
MinimumVisualStudioVersion = 10.0.40219.1
Project("{FAE04EC0-301F-11D3-BF4B-00C04F79EFBC}") = "HelloRezerPage", "HelloRezerPage\HelloRezerPage.csproj", "{382C07CA-917F-42BF-B8EA-A3D1C131FE5D}"
EndProject
Global
	GlobalSection(SolutionConfigurationPlatforms) = preSolution
		Debug|Any CPU = Debug|Any CPU
		Release|Any CPU = Release|Any CPU
	EndGlobalSection
	GlobalSection(ProjectConfigurationPlatforms) = postSolution
		{382C07CA-917F-42BF-B8EA-A3D1C131FE5D}.Debug|Any CPU.ActiveCfg = Debug|Any CPU
		{382C07CA-917F-42BF-B8EA-A3D1C131FE5D}.Debug|Any CPU.Build.0 = Debug|Any CPU
		{382C07CA-917F-42BF-B8EA-A3D1C131FE5D}.Release|Any CPU.ActiveCfg = Release|Any CPU
		{382C07CA-917F-42BF-B8EA-A3D1C131FE5D}.Release|Any CPU.Build.0 = Release|Any CPU
	EndGlobalSection
	GlobalSection(SolutionProperties) = preSolution
		HideSolutionNode = FALSE
	EndGlobalSection
	GlobalSection(ExtensibilityGlobals) = postSolution
		SolutionGuid = {E8DCFA98-D48B-4D2A-864C-614CAF85089B}
	EndGlobalSection
EndGlobal
