
Microsoft Visual Studio Solution File, Format Version 12.00
# Visual Studio Version 16
VisualStudioVersion = 16.0.30621.155
MinimumVisualStudioVersion = 10.0.40219.1
Project("{FAE04EC0-301F-11D3-BF4B-00C04F79EFBC}") = "RazorPagesMovie", "RazorPagesMovie\RazorPagesMovie.csproj", "{D827AFA3-8F88-4941-8A22-CF32EE5242AB}"
EndProject
Global
	GlobalSection(SolutionConfigurationPlatforms) = preSolution
		Debug|Any CPU = Debug|Any CPU
		Release|Any CPU = Release|Any CPU
	EndGlobalSection
	GlobalSection(ProjectConfigurationPlatforms) = postSolution
		{D827AFA3-8F88-4941-8A22-CF32EE5242AB}.Debug|Any CPU.ActiveCfg = Debug|Any CPU
		{D827AFA3-8F88-4941-8A22-CF32EE5242AB}.Debug|Any CPU.Build.0 = Debug|Any CPU
		{D827AFA3-8F88-4941-8A22-CF32EE5242AB}.Release|Any CPU.ActiveCfg = Release|Any CPU
		{D827AFA3-8F88-4941-8A22-CF32EE5242AB}.Release|Any CPU.Build.0 = Release|Any CPU
	EndGlobalSection
	GlobalSection(SolutionProperties) = preSolution
		HideSolutionNode = FALSE
	EndGlobalSection
	GlobalSection(ExtensibilityGlobals) = postSolution
		SolutionGuid = {1ACF2A2D-D7BB-4683-9504-C9F8BA1D95DF}
	EndGlobalSection
EndGlobal
