
Microsoft Visual Studio Solution File, Format Version 12.00
# Visual Studio Version 16
VisualStudioVersion = 16.0.30621.155
MinimumVisualStudioVersion = 10.0.40219.1
Project("{FAE04EC0-301F-11D3-BF4B-00C04F79EFBC}") = "Practive_T1909M_TruongThanhTu", "Practive_T1909M_TruongThanhTu\Practive_T1909M_TruongThanhTu.csproj", "{B3EFE10A-C60F-4810-B73F-C5DE6670CCB2}"
EndProject
Global
	GlobalSection(SolutionConfigurationPlatforms) = preSolution
		Debug|Any CPU = Debug|Any CPU
		Release|Any CPU = Release|Any CPU
	EndGlobalSection
	GlobalSection(ProjectConfigurationPlatforms) = postSolution
		{B3EFE10A-C60F-4810-B73F-C5DE6670CCB2}.Debug|Any CPU.ActiveCfg = Debug|Any CPU
		{B3EFE10A-C60F-4810-B73F-C5DE6670CCB2}.Debug|Any CPU.Build.0 = Debug|Any CPU
		{B3EFE10A-C60F-4810-B73F-C5DE6670CCB2}.Release|Any CPU.ActiveCfg = Release|Any CPU
		{B3EFE10A-C60F-4810-B73F-C5DE6670CCB2}.Release|Any CPU.Build.0 = Release|Any CPU
	EndGlobalSection
	GlobalSection(SolutionProperties) = preSolution
		HideSolutionNode = FALSE
	EndGlobalSection
	GlobalSection(ExtensibilityGlobals) = postSolution
		SolutionGuid = {8A82AD84-7155-4F32-AC9B-0BF72730BD6F}
	EndGlobalSection
EndGlobal
