
Microsoft Visual Studio Solution File, Format Version 12.00
# Visual Studio Version 16
VisualStudioVersion = 16.0.30523.141
MinimumVisualStudioVersion = 10.0.40219.1
Project("{FAE04EC0-301F-11D3-BF4B-00C04F79EFBC}") = "FileStreamExample", "FileStreamExample\FileStreamExample.csproj", "{490CD137-CEBE-48B9-9A79-780B63BB4BF0}"
EndProject
Global
	GlobalSection(SolutionConfigurationPlatforms) = preSolution
		Debug|Any CPU = Debug|Any CPU
		Release|Any CPU = Release|Any CPU
	EndGlobalSection
	GlobalSection(ProjectConfigurationPlatforms) = postSolution
		{490CD137-CEBE-48B9-9A79-780B63BB4BF0}.Debug|Any CPU.ActiveCfg = Debug|Any CPU
		{490CD137-CEBE-48B9-9A79-780B63BB4BF0}.Debug|Any CPU.Build.0 = Debug|Any CPU
		{490CD137-CEBE-48B9-9A79-780B63BB4BF0}.Release|Any CPU.ActiveCfg = Release|Any CPU
		{490CD137-CEBE-48B9-9A79-780B63BB4BF0}.Release|Any CPU.Build.0 = Release|Any CPU
	EndGlobalSection
	GlobalSection(SolutionProperties) = preSolution
		HideSolutionNode = FALSE
	EndGlobalSection
	GlobalSection(ExtensibilityGlobals) = postSolution
		SolutionGuid = {1EA00A9C-57C5-430B-B2EC-F135A179FDF1}
	EndGlobalSection
EndGlobal
