
Microsoft Visual Studio Solution File, Format Version 12.00
# Visual Studio Version 16
VisualStudioVersion = 16.0.30523.141
MinimumVisualStudioVersion = 10.0.40219.1
Project("{FAE04EC0-301F-11D3-BF4B-00C04F79EFBC}") = "DataType", "DataType\DataType.csproj", "{4CB10A58-9B5D-4081-94A4-30832894BDEA}"
EndProject
Global
	GlobalSection(SolutionConfigurationPlatforms) = preSolution
		Debug|Any CPU = Debug|Any CPU
		Release|Any CPU = Release|Any CPU
	EndGlobalSection
	GlobalSection(ProjectConfigurationPlatforms) = postSolution
		{4CB10A58-9B5D-4081-94A4-30832894BDEA}.Debug|Any CPU.ActiveCfg = Debug|Any CPU
		{4CB10A58-9B5D-4081-94A4-30832894BDEA}.Debug|Any CPU.Build.0 = Debug|Any CPU
		{4CB10A58-9B5D-4081-94A4-30832894BDEA}.Release|Any CPU.ActiveCfg = Release|Any CPU
		{4CB10A58-9B5D-4081-94A4-30832894BDEA}.Release|Any CPU.Build.0 = Release|Any CPU
	EndGlobalSection
	GlobalSection(SolutionProperties) = preSolution
		HideSolutionNode = FALSE
	EndGlobalSection
	GlobalSection(ExtensibilityGlobals) = postSolution
		SolutionGuid = {5F2709E4-ABA1-426D-A3AB-3DD1637B81D7}
	EndGlobalSection
EndGlobal
