
Microsoft Visual Studio Solution File, Format Version 12.00
# Visual Studio Version 16
VisualStudioVersion = 16.0.30621.155
MinimumVisualStudioVersion = 10.0.40219.1
Project("{FAE04EC0-301F-11D3-BF4B-00C04F79EFBC}") = "LearningInstitute", "LearningInstitute\LearningInstitute.csproj", "{50579905-419E-4054-AC6A-4F75442CB66A}"
EndProject
Global
	GlobalSection(SolutionConfigurationPlatforms) = preSolution
		Debug|Any CPU = Debug|Any CPU
		Release|Any CPU = Release|Any CPU
	EndGlobalSection
	GlobalSection(ProjectConfigurationPlatforms) = postSolution
		{50579905-419E-4054-AC6A-4F75442CB66A}.Debug|Any CPU.ActiveCfg = Debug|Any CPU
		{50579905-419E-4054-AC6A-4F75442CB66A}.Debug|Any CPU.Build.0 = Debug|Any CPU
		{50579905-419E-4054-AC6A-4F75442CB66A}.Release|Any CPU.ActiveCfg = Release|Any CPU
		{50579905-419E-4054-AC6A-4F75442CB66A}.Release|Any CPU.Build.0 = Release|Any CPU
	EndGlobalSection
	GlobalSection(SolutionProperties) = preSolution
		HideSolutionNode = FALSE
	EndGlobalSection
	GlobalSection(ExtensibilityGlobals) = postSolution
		SolutionGuid = {1E89D0FF-57BC-42CD-9F38-2F954D88FA43}
	EndGlobalSection
EndGlobal
