
Microsoft Visual Studio Solution File, Format Version 12.00
# Visual Studio Version 16
VisualStudioVersion = 16.0.30523.141
MinimumVisualStudioVersion = 10.0.40219.1
Project("{FAE04EC0-301F-11D3-BF4B-00C04F79EFBC}") = "eShopSulotion", "eShopSulotion\eShopSulotion.csproj", "{2135949F-82C8-4BAB-AA7D-330337E375FF}"
EndProject
Global
	GlobalSection(SolutionConfigurationPlatforms) = preSolution
		Debug|Any CPU = Debug|Any CPU
		Release|Any CPU = Release|Any CPU
	EndGlobalSection
	GlobalSection(ProjectConfigurationPlatforms) = postSolution
		{2135949F-82C8-4BAB-AA7D-330337E375FF}.Debug|Any CPU.ActiveCfg = Debug|Any CPU
		{2135949F-82C8-4BAB-AA7D-330337E375FF}.Debug|Any CPU.Build.0 = Debug|Any CPU
		{2135949F-82C8-4BAB-AA7D-330337E375FF}.Release|Any CPU.ActiveCfg = Release|Any CPU
		{2135949F-82C8-4BAB-AA7D-330337E375FF}.Release|Any CPU.Build.0 = Release|Any CPU
	EndGlobalSection
	GlobalSection(SolutionProperties) = preSolution
		HideSolutionNode = FALSE
	EndGlobalSection
	GlobalSection(ExtensibilityGlobals) = postSolution
		SolutionGuid = {741BEB37-D615-424A-B5E6-32F3095811C1}
	EndGlobalSection
EndGlobal
